
Microsoft Visual Studio Solution File, Format Version 12.00
# Visual Studio Version 17
VisualStudioVersion = 17.1.32210.238
MinimumVisualStudioVersion = 10.0.40219.1
Project("{F184B08F-C81C-45F6-A57F-5ABD9991F28F}") = "Lab1_Per3_SP_Jairo-Orantes", "Lab1_Per3_SP_Jairo-Orantes\Lab1_Per3_SP_Jairo-Orantes.vbproj", "{8BA4CDA0-FB17-4728-98C0-F281486F4197}"
EndProject
Global
	GlobalSection(SolutionConfigurationPlatforms) = preSolution
		Debug|Any CPU = Debug|Any CPU
		Release|Any CPU = Release|Any CPU
	EndGlobalSection
	GlobalSection(ProjectConfigurationPlatforms) = postSolution
		{8BA4CDA0-FB17-4728-98C0-F281486F4197}.Debug|Any CPU.ActiveCfg = Debug|Any CPU
		{8BA4CDA0-FB17-4728-98C0-F281486F4197}.Debug|Any CPU.Build.0 = Debug|Any CPU
		{8BA4CDA0-FB17-4728-98C0-F281486F4197}.Release|Any CPU.ActiveCfg = Release|Any CPU
		{8BA4CDA0-FB17-4728-98C0-F281486F4197}.Release|Any CPU.Build.0 = Release|Any CPU
	EndGlobalSection
	GlobalSection(SolutionProperties) = preSolution
		HideSolutionNode = FALSE
	EndGlobalSection
	GlobalSection(ExtensibilityGlobals) = postSolution
		SolutionGuid = {8D4B6EFC-7D7A-477D-81CA-BD26148704AD}
	EndGlobalSection
EndGlobal
